
Microsoft Visual Studio Solution File, Format Version 12.00
# Visual Studio Version 17
VisualStudioVersion = 17.4.33213.308
MinimumVisualStudioVersion = 10.0.40219.1
Project("{FAE04EC0-301F-11D3-BF4B-00C04F79EFBC}") = "Alohakit.Components", "Alohakit.Components\Alohakit.Components.csproj", "{E5E1DD3F-9FB1-404D-BA53-8B7DE54F8B9E}"
EndProject
Project("{FAE04EC0-301F-11D3-BF4B-00C04F79EFBC}") = "Alohakit.Components.Gallery", "Alohakit.Components.Gallery\Alohakit.Components.Gallery.csproj", "{6EA6A339-498E-436F-BFDF-F816020560C7}"
EndProject
Global
	GlobalSection(SolutionConfigurationPlatforms) = preSolution
		Debug|Any CPU = Debug|Any CPU
		Release|Any CPU = Release|Any CPU
	EndGlobalSection
	GlobalSection(ProjectConfigurationPlatforms) = postSolution
		{E5E1DD3F-9FB1-404D-BA53-8B7DE54F8B9E}.Debug|Any CPU.ActiveCfg = Debug|Any CPU
		{E5E1DD3F-9FB1-404D-BA53-8B7DE54F8B9E}.Debug|Any CPU.Build.0 = Debug|Any CPU
		{E5E1DD3F-9FB1-404D-BA53-8B7DE54F8B9E}.Release|Any CPU.ActiveCfg = Release|Any CPU
		{E5E1DD3F-9FB1-404D-BA53-8B7DE54F8B9E}.Release|Any CPU.Build.0 = Release|Any CPU
		{6EA6A339-498E-436F-BFDF-F816020560C7}.Debug|Any CPU.ActiveCfg = Debug|Any CPU
		{6EA6A339-498E-436F-BFDF-F816020560C7}.Debug|Any CPU.Build.0 = Debug|Any CPU
		{6EA6A339-498E-436F-BFDF-F816020560C7}.Debug|Any CPU.Deploy.0 = Debug|Any CPU
		{6EA6A339-498E-436F-BFDF-F816020560C7}.Release|Any CPU.ActiveCfg = Release|Any CPU
		{6EA6A339-498E-436F-BFDF-F816020560C7}.Release|Any CPU.Build.0 = Release|Any CPU
		{6EA6A339-498E-436F-BFDF-F816020560C7}.Release|Any CPU.Deploy.0 = Release|Any CPU
	EndGlobalSection
	GlobalSection(SolutionProperties) = preSolution
		HideSolutionNode = FALSE
	EndGlobalSection
	GlobalSection(ExtensibilityGlobals) = postSolution
		SolutionGuid = {8E150FD1-FB57-4600-A9F3-0BED2E9A8C7C}
	EndGlobalSection
EndGlobal
